hash: 2ce94b8a909eee45f5621a1b50855072bbd00642414085e88089e793ee25ed85
updated: 2017-02-08T16:11:20.315907116+08:00
imports:
- name: github.com/gin-gonic/gin
  version: e2212d40c62a98b388a5eb48ecbdcf88534688ba
  subpackages:
  - binding
  - render
- name: github.com/golang/protobuf
  version: 2402d76f3d41f928c7902a765dfc872356dd3aad
  subpackages:
  - proto
- name: github.com/golang/snappy
  version: 7db9049039a047d955fe8c19b83c8ff5abd765c7
- name: github.com/manucorporat/sse
  version: ee05b128a739a0fb76c7ebd3ae4810c1de808d6d
- name: github.com/mattn/go-isatty
  version: 30a891c33c7cde7b02a981314b4228ec99380cca
- name: github.com/pili-engineering/pili-sdk-go.v2
  version: 8b9332c918dc05bd56e53ba4d6dc27b30e3dd4d3
  subpackages:
  - pili
- name: github.com/syndtr/goleveldb
  version: 23851d93a2292dcc56e71a18ec9e0624d84a0f65
  subpackages:
  - leveldb
  - leveldb/cache
  - leveldb/comparer
  - leveldb/errors
  - leveldb/filter
  - leveldb/iterator
  - leveldb/journal
  - leveldb/memdb
  - leveldb/opt
  - leveldb/storage
  - leveldb/table
  - leveldb/util
- name: golang.org/x/net
  version: f315505cf3349909cdf013ea56690da34e96a451
  subpackages:
  - context
- name: golang.org/x/sys
  version: 7a6e5648d140666db5d920909e082ca00a87ba2c
  subpackages:
  - unix
- name: gopkg.in/go-playground/validator.v8
  version: c193cecd124b5cc722d7ee5538e945bdb3348435
- name: gopkg.in/yaml.v2
  version: 4c78c975fe7c825c6d1466c42be594d1d6f3aba6
- name: qiniupkg.com/x
  version: f512abcf45ab4e2ba0fd4784c57b53d495997d66
  subpackages:
  - bytes.v7
  - bytes.v7/seekable
testImports: []
